
Microsoft Visual Studio Solution File, Format Version 12.00
# Visual Studio Version 16
VisualStudioVersion = 16.0.31205.134
MinimumVisualStudioVersion = 10.0.40219.1
Project("{9A19103F-16F7-4668-BE54-9A1E7A4F7556}") = "PizzaOrderingSystemLibrary", "PizzaOrderingSystemLibrary\PizzaOrderingSystemLibrary.csproj", "{6D0C646E-E46B-4B04-960F-89F100DF9A9C}"
EndProject
Project("{9A19103F-16F7-4668-BE54-9A1E7A4F7556}") = "PizzeriaOrderingSystemUI", "PizzeriaOrderingSystemUI\PizzeriaOrderingSystemUI.csproj", "{F7690DE0-2776-40BD-8945-7D2E5D8791DA}"
EndProject
Project("{FAE04EC0-301F-11D3-BF4B-00C04F79EFBC}") = "PizzaOrderingSystem-Tests", "PizzaOrderingSystem-Tests\PizzaOrderingSystem-Tests.csproj", "{D9B991AF-B066-4F22-BC76-D190EBAE0CB8}"
EndProject
Global
	GlobalSection(SolutionConfigurationPlatforms) = preSolution
		Debug|Any CPU = Debug|Any CPU
		Release|Any CPU = Release|Any CPU
	EndGlobalSection
	GlobalSection(ProjectConfigurationPlatforms) = postSolution
		{6D0C646E-E46B-4B04-960F-89F100DF9A9C}.Debug|Any CPU.ActiveCfg = Debug|Any CPU
		{6D0C646E-E46B-4B04-960F-89F100DF9A9C}.Debug|Any CPU.Build.0 = Debug|Any CPU
		{6D0C646E-E46B-4B04-960F-89F100DF9A9C}.Release|Any CPU.ActiveCfg = Release|Any CPU
		{6D0C646E-E46B-4B04-960F-89F100DF9A9C}.Release|Any CPU.Build.0 = Release|Any CPU
		{F7690DE0-2776-40BD-8945-7D2E5D8791DA}.Debug|Any CPU.ActiveCfg = Debug|Any CPU
		{F7690DE0-2776-40BD-8945-7D2E5D8791DA}.Debug|Any CPU.Build.0 = Debug|Any CPU
		{F7690DE0-2776-40BD-8945-7D2E5D8791DA}.Release|Any CPU.ActiveCfg = Release|Any CPU
		{F7690DE0-2776-40BD-8945-7D2E5D8791DA}.Release|Any CPU.Build.0 = Release|Any CPU
		{D9B991AF-B066-4F22-BC76-D190EBAE0CB8}.Debug|Any CPU.ActiveCfg = Debug|Any CPU
		{D9B991AF-B066-4F22-BC76-D190EBAE0CB8}.Debug|Any CPU.Build.0 = Debug|Any CPU
		{D9B991AF-B066-4F22-BC76-D190EBAE0CB8}.Release|Any CPU.ActiveCfg = Release|Any CPU
		{D9B991AF-B066-4F22-BC76-D190EBAE0CB8}.Release|Any CPU.Build.0 = Release|Any CPU
	EndGlobalSection
	GlobalSection(SolutionProperties) = preSolution
		HideSolutionNode = FALSE
	EndGlobalSection
	GlobalSection(ExtensibilityGlobals) = postSolution
		SolutionGuid = {F0CE7527-06C4-45F6-8D46-64A9222ABFF0}
	EndGlobalSection
EndGlobal
